
Microsoft Visual Studio Solution File, Format Version 12.00
# Visual Studio Version 17
VisualStudioVersion = 17.3.32901.215
MinimumVisualStudioVersion = 10.0.40219.1
Project("{9A19103F-16F7-4668-BE54-9A1E7A4F7556}") = "ClassLibraryDAL", "ClassLibraryDAL\ClassLibraryDAL.csproj", "{380ACDF5-2562-487B-98A8-9C79D86493E2}"
EndProject
Project("{9A19103F-16F7-4668-BE54-9A1E7A4F7556}") = "ClassLibraryModel", "ClassLibraryModel\ClassLibraryModel.csproj", "{339787AC-9A6F-43C2-B2D2-9057F252D8A8}"
EndProject
Project("{9A19103F-16F7-4668-BE54-9A1E7A4F7556}") = "BlazorAppDemo", "BlazorAppDemo\BlazorAppDemo.csproj", "{5EDA2963-AFCD-4A21-9F16-8DE0B8142B51}"
EndProject
Global
	GlobalSection(SolutionConfigurationPlatforms) = preSolution
		Debug|Any CPU = Debug|Any CPU
		Release|Any CPU = Release|Any CPU
	EndGlobalSection
	GlobalSection(ProjectConfigurationPlatforms) = postSolution
		{380ACDF5-2562-487B-98A8-9C79D86493E2}.Debug|Any CPU.ActiveCfg = Debug|Any CPU
		{380ACDF5-2562-487B-98A8-9C79D86493E2}.Debug|Any CPU.Build.0 = Debug|Any CPU
		{380ACDF5-2562-487B-98A8-9C79D86493E2}.Release|Any CPU.ActiveCfg = Release|Any CPU
		{380ACDF5-2562-487B-98A8-9C79D86493E2}.Release|Any CPU.Build.0 = Release|Any CPU
		{339787AC-9A6F-43C2-B2D2-9057F252D8A8}.Debug|Any CPU.ActiveCfg = Debug|Any CPU
		{339787AC-9A6F-43C2-B2D2-9057F252D8A8}.Debug|Any CPU.Build.0 = Debug|Any CPU
		{339787AC-9A6F-43C2-B2D2-9057F252D8A8}.Release|Any CPU.ActiveCfg = Release|Any CPU
		{339787AC-9A6F-43C2-B2D2-9057F252D8A8}.Release|Any CPU.Build.0 = Release|Any CPU
		{5EDA2963-AFCD-4A21-9F16-8DE0B8142B51}.Debug|Any CPU.ActiveCfg = Debug|Any CPU
		{5EDA2963-AFCD-4A21-9F16-8DE0B8142B51}.Debug|Any CPU.Build.0 = Debug|Any CPU
		{5EDA2963-AFCD-4A21-9F16-8DE0B8142B51}.Release|Any CPU.ActiveCfg = Release|Any CPU
		{5EDA2963-AFCD-4A21-9F16-8DE0B8142B51}.Release|Any CPU.Build.0 = Release|Any CPU
	EndGlobalSection
	GlobalSection(SolutionProperties) = preSolution
		HideSolutionNode = FALSE
	EndGlobalSection
	GlobalSection(ExtensibilityGlobals) = postSolution
		SolutionGuid = {42BE285B-66CA-45AB-B92A-027CE5DA1428}
	EndGlobalSection
EndGlobal
